// !$*UTF8*$!
{
	archiveVersion = 1;
	classes = {
	};
	objectVersion = 46;
	objects = {

/* Begin PBXBuildFile section */
		F4E43DF41C58923400896578 /* AppDelegate.swift in Sources */ = {isa = PBXBuildFile; fileRef = F4E43DF31C58923400896578 /* AppDelegate.swift */; };
		F4E43DF61C58923400896578 /* ViewController.swift in Sources */ = {isa = PBXBuildFile; fileRef = F4E43DF51C58923400896578 /* ViewController.swift */; };
		F4E43DF91C58923400896578 /* Main.storyboard in Resources */ = {isa = PBXBuildFile; fileRef = F4E43DF71C58923400896578 /* Main.storyboard */; };
		F4E43DFB1C58923400896578 /* Assets.xcassets in Resources */ = {isa = PBXBuildFile; fileRef = F4E43DFA1C58923400896578 /* Assets.xcassets */; };
		F4E43DFE1C58923400896578 /* LaunchScreen.storyboard in Resources */ = {isa = PBXBuildFile; fileRef = F4E43DFC1C58923400896578 /* LaunchScreen.storyboard */; };
/* End PBXBuildFile section */

/* Begin PBXFileReference section */
		F4E43DF01C58923400896578 /* Colours.app */ = {isa = PBXFileReference; explicitFileType = wrapper.application; includeInIndex = 0; path = Colours.app; sourceTree = BUILT_PRODUCTS_DIR; };
		F4E43DF31C58923400896578 /* AppDelegate.swift */ = {isa = PBXFileReference; lastKnownFileType = sourcecode.swift; path = AppDelegate.swift; sourceTree = "<group>"; };
		F4E43DF51C58923400896578 /* ViewController.swift */ = {isa = PBXFileReference; lastKnownFileType = sourcecode.swift; path = ViewController.swift; sourceTree = "<group>"; };
		F4E43DF81C58923400896578 /* Base */ = {isa = PBXFileReference; lastKnownFileType = file.storyboard; name = Base; path = Base.lproj/Main.storyboard; sourceTree = "<group>"; };
		F4E43DFA1C58923400896578 /* Assets.xcassets */ = {isa = PBXFileReference; lastKnownFileType = folder.assetcatalog; path = Assets.xcassets; sourceTree = "<group>"; };
		F4E43DFD1C58923400896578 /* Base */ = {isa = PBXFileReference; lastKnownFileType = file.storyboard; name = Base; path = Base.lproj/LaunchScreen.storyboard; sourceTree = "<group>"; };
		F4E43DFF1C58923400896578 /* Info.plist */ = {isa = PBXFileReference; lastKnownFileType = text.plist.xml; path = Info.plist; sourceTree = "<group>"; };
/* End PBXFileReference section */

/* Begin PBXFrameworksBuildPhase section */
		F4E43DED1C58923300896578 /* Frameworks */ = {
			isa = PBXFrameworksBuildPhase;
			buildActionMask = 2147483647;
			files = (
			);
			runOnlyForDeploymentPostprocessing = 0;
		};
/* End PBXFrameworksBuildPhase section */

/* Begin PBXGroup section */
		F4E43DE71C58923300896578 = {
			isa = PBXGroup;
			children = (
				F4E43DF21C58923400896578 /* Colours */,
				F4E43DF11C58923400896578 /* Products */,
			);
			sourceTree = "<group>";
		};
		F4E43DF11C58923400896578 /* Products */ = {
			isa = PBXGroup;
			children = (
				F4E43DF01C58923400896578 /* Colours.app */,
			);
			name = Products;
			sourceTree = "<group>";
		};
		F4E43DF21C58923400896578 /* Colours */ = {
			isa = PBXGroup;
			children = (
				F4E43DF31C58923400896578 /* AppDelegate.swift */,
				F4E43DF51C58923400896578 /* ViewController.swift */,
				F4E43DF71C58923400896578 /* Main.storyboard */,
				F4E43DFA1C58923400896578 /* Assets.xcassets */,
				F4E43DFC1C58923400896578 /* LaunchScreen.storyboard */,
				F4E43DFF1C58923400896578 /* Info.plist */,
			);
			path = Colours;
			sourceTree = "<group>";
		};
/* End PBXGroup section */

/* Begin PBXNativeTarget section */
		F4E43DEF1C58923300896578 /* Colours */ = {
			isa = PBXNativeTarget;
			buildConfigurationList = F4E43E021C58923400896578 /* Build configuration list for PBXNativeTarget "Colours" */;
			buildPhases = (
				F4E43DEC1C58923300896578 /* Sources */,
				F4E43DED1C58923300896578 /* Frameworks */,
				F4E43DEE1C58923300896578 /* Resources */,
			);
			buildRules = (
			);
			dependencies = (
			);
			name = Colours;
			productName = Colours;
			productReference = F4E43DF01C58923400896578 /* Colours.app */;
			productType = "com.apple.product-type.application";
		};
/* End PBXNativeTarget section */

/* Begin PBXProject section */
		F4E43DE81C58923300896578 /* Project object */ = {
			isa = PBXProject;
			attributes = {
				LastSwiftUpdateCheck = 0730;
				LastUpgradeCheck = 0730;
				ORGANIZATIONNAME = "Thomas Woodfield";
				TargetAttributes = {
					F4E43DEF1C58923300896578 = {
						CreatedOnToolsVersion = 7.3;
						DevelopmentTeam = 2K52RC5949;
					};
				};
			};
			buildConfigurationList = F4E43DEB1C58923300896578 /* Build configuration list for PBXProject "Colours" */;
			compatibilityVersion = "Xcode 3.2";
			developmentRegion = English;
			hasScannedForEncodings = 0;
			knownRegions = (
				en,
				Base,
			);
			mainGroup = F4E43DE71C58923300896578;
			productRefGroup = F4E43DF11C58923400896578 /* Products */;
			projectDirPath = "";
			projectRoot = "";
			targets = (
				F4E43DEF1C58923300896578 /* Colours */,
			);
		};
/* End PBXProject section */

/* Begin PBXResourcesBuildPhase section */
		F4E43DEE1C58923300896578 /* Resources */ = {
			isa = PBXResourcesBuildPhase;
			buildActionMask = 2147483647;
			files = (
				F4E43DFE1C58923400896578 /* LaunchScreen.storyboard in Resources */,
				F4E43DFB1C58923400896578 /* Assets.xcassets in Resources */,
				F4E43DF91C58923400896578 /* Main.storyboard in Resources */,
			);
			runOnlyForDeploymentPostprocessing = 0;
		};
/* End PBXResourcesBuildPhase section */

/* Begin PBXSourcesBuildPhase section */
		F4E43DEC1C58923300896578 /* Sources */ = {
			isa = PBXSourcesBuildPhase;
			buildActionMask = 2147483647;
			files = (
				F4E43DF61C58923400896578 /* ViewController.swift in Sources */,
				F4E43DF41C58923400896578 /* AppDelegate.swift in Sources */,
			);
			runOnlyForDeploymentPostprocessing = 0;
		};
/* End PBXSourcesBuildPhase section */

/* Begin PBXVariantGroup section */
		F4E43DF71C58923400896578 /* Main.storyboard */ = {
			isa = PBXVariantGroup;
			children = (
				F4E43DF81C58923400896578 /* Base */,
			);
			name = Main.storyboard;
			sourceTree = "<group>";
		};
		F4E43DFC1C58923400896578 /* LaunchScreen.storyboard */ = {
			isa = PBXVariantGroup;
			children = (
				F4E43DFD1C58923400896578 /* Base */,
			);
			name = LaunchScreen.storyboard;
			sourceTree = "<group>";
		};
/* End PBXVariantGroup section */

/* Begin XCBuildConfiguration section */
		F4E43E001C58923400896578 /* Debug */ = {
			isa = XCBuildConfiguration;
			buildSettings = {
				ALWAYS_SEARCH_USER_PATHS = NO;
				CLANG_CXX_LANGUAGE_STANDARD = "gnu++0x";
				CLANG_CXX_LIBRARY = "libc++";
				CLANG_ENABLE_MODULES = YES;
				CLANG_ENABLE_OBJC_ARC = YES;
				CLANG_WARN_BOOL_CONVERSION = YES;
				CLANG_WARN_CONSTANT_CONVERSION = YES;
				CLANG_WARN_DIRECT_OBJC_ISA_USAGE = YES_ERROR;
				CLANG_WARN_EMPTY_BODY = YES;
				CLANG_WARN_ENUM_CONVERSION = YES;
				CLANG_WARN_INT_CONVERSION = YES;
				CLANG_WARN_OBJC_ROOT_CLASS = YES_ERROR;
				CLANG_WARN_UNREACHABLE_CODE = YES;
				CLANG_WARN__DUPLICATE_METHOD_MATCH = YES;
				"CODE_SIGN_IDENTITY[sdk=iphoneos*]" = "iPhone Developer";
				COPY_PHASE_STRIP = NO;
				DEBUG_INFORMATION_FORMAT = dwarf;
				ENABLE_STRICT_OBJC_MSGSEND = YES;
				ENABLE_TESTABILITY = YES;
				GCC_C_LANGUAGE_STANDARD = gnu99;
				GCC_DYNAMIC_NO_PIC = NO;
				GCC_NO_COMMON_BLOCKS = YES;
				GCC_OPTIMIZATION_LEVEL = 0;
				GCC_PREPROCESSOR_DEFINITIONS = (
					"DEBUG=1",
					"$(inherited)",
				);
				GCC_WARN_64_TO_32_BIT_CONVERSION = YES;
				GCC_WARN_ABOUT_RETURN_TYPE = YES_ERROR;
				GCC_WARN_UNDECLARED_SELECTOR = YES;
				GCC_WARN_UNINITIALIZED_AUTOS = YES_AGGRESSIVE;
				GCC_WARN_UNUSED_FUNCTION = YES;
				GCC_WARN_UNUSED_VARIABLE = YES;
				IPHONEOS_DEPLOYMENT_TARGET = 9.3;
				MTL_ENABLE_DEBUG_INFO = YES;
				ONLY_ACTIVE_ARCH = YES;
				SDKROOT = iphoneos;
				SWIFT_OPTIMIZATION_LEVEL = "-Onone";
			};
			name = Debug;
		};
		F4E43E011C58923400896578 /* Release */ = {
			isa = XCBuildConfiguration;
			buildSettings = {
				ALWAYS_SEARCH_USER_PATHS = NO;
				CLANG_CXX_LANGUAGE_STANDARD = "gnu++0x";
				CLANG_CXX_LIBRARY = "libc++";
				CLANG_ENABLE_MODULES = YES;
				CLANG_ENABLE_OBJC_ARC = YES;
				CLANG_WARN_BOOL_CONVERSION = YES;
				CLANG_WARN_CONSTANT_CONVERSION = YES;
				CLANG_WARN_DIRECT_OBJC_ISA_USAGE = YES_ERROR;
				CLANG_WARN_EMPTY_BODY = YES;
				CLANG_WARN_ENUM_CONVERSION = YES;
				CLANG_WARN_INT_CONVERSION = YES;
				CLANG_WARN_OBJC_ROOT_CLASS = YES_ERROR;
				CLANG_WARN_UNREACHABLE_CODE = YES;
				CLANG_WARN__DUPLICATE_METHOD_MATCH = YES;
				"CODE_SIGN_IDENTITY[sdk=iphoneos*]" = "iPhone Developer";
				COPY_PHASE_STRIP = NO;
				DEBUG_INFORMATION_FORMAT = "dwarf-with-dsym";
				ENABLE_NS_ASSERTIONS = NO;
				ENABLE_STRICT_OBJC_MSGSEND = YES;
				GCC_C_LANGUAGE_STANDARD = gnu99;
				GCC_NO_COMMON_BLOCKS = YES;
				GCC_WARN_64_TO_32_BIT_CONVERSION = YES;
				GCC_WARN_ABOUT_RETURN_TYPE = YES_ERROR;
				GCC_WARN_UNDECLARED_SELECTOR = YES;
				GCC_WARN_UNINITIALIZED_AUTOS = YES_AGGRESSIVE;
				GCC_WARN_UNUSED_FUNCTION = YES;
				GCC_WARN_UNUSED_VARIABLE = YES;
				IPHONEOS_DEPLOYMENT_TARGET = 9.3;
				MTL_ENABLE_DEBUG_INFO = NO;
				SDKROOT = iphoneos;
				VALIDATE_PRODUCT = YES;
			};
			name = Release;
		};
		F4E43E031C58923400896578 /* Debug */ = {
			isa = XCBuildConfiguration;
			buildSettings = {
				ASSETCATALOG_COMPILER_APPICON_NAME = AppIcon;
				CODE_SIGN_IDENTITY = "iPhone Developer";
				INFOPLIST_FILE = Colours/Info.plist;
				IPHONEOS_DEPLOYMENT_TARGET = 9.2.1;
				LD_RUNPATH_SEARCH_PATHS = "$(inherited) @executable_path/Frameworks";
				PRODUCT_BUNDLE_IDENTIFIER = "com.Thomas-Woodfield.SuperCool.Colours";
				PRODUCT_NAME = "$(TARGET_NAME)";
			};
			name = Debug;
		};
		F4E43E041C58923400896578 /* Release */ = {
			isa = XCBuildConfiguration;
			buildSettings = {
				ASSETCATALOG_COMPILER_APPICON_NAME = AppIcon;
				CODE_SIGN_IDENTITY = "iPhone Developer";
				INFOPLIST_FILE = Colours/Info.plist;
				IPHONEOS_DEPLOYMENT_TARGET = 9.2.1;
				LD_RUNPATH_SEARCH_PATHS = "$(inherited) @executable_path/Frameworks";
				PRODUCT_BUNDLE_IDENTIFIER = "com.Thomas-Woodfield.SuperCool.Colours";
				PRODUCT_NAME = "$(TARGET_NAME)";
			};
			name = Release;
		};
/* End XCBuildConfiguration section */

/* Begin XCConfigurationList section */
		F4E43DEB1C58923300896578 /* Build configuration list for PBXProject "Colours" */ = {
			isa = XCConfigurationList;
			buildConfigurations = (
				F4E43E001C58923400896578 /* Debug */,
				F4E43E011C58923400896578 /* Release */,
			);
			defaultConfigurationIsVisible = 0;
			defaultConfigurationName = Release;
		};
		F4E43E021C58923400896578 /* Build configuration list for PBXNativeTarget "Colours" */ = {
			isa = XCConfigurationList;
			buildConfigurations = (
				F4E43E031C58923400896578 /* Debug */,
				F4E43E041C58923400896578 /* Release */,
			);
			defaultConfigurationIsVisible = 0;
		};
/* End XCConfigurationList section */
	};
	rootObject = F4E43DE81C58923300896578 /* Project object */;
}
